// !$*UTF8*$!
{
	archiveVersion = 1;
	classes = {
	};
	objectVersion = 48;
	objects = {

/* Begin PBXBuildFile section */
		0FEA99E3F16AC028C95DB99D /* Pods_mymaps.framework in Frameworks */ = {isa = PBXBuildFile; fileRef = 847F9BC0659345035CD87860 /* Pods_mymaps.framework */; };
		3638A4F21FA72ACB00B10650 /* GPX.swift in Sources */ = {isa = PBXBuildFile; fileRef = 3638A4F11FA72ACB00B10650 /* GPX.swift */; };
		364AAC881FA2CAAF00FF2953 /* PinCollectionViewCell.swift in Sources */ = {isa = PBXBuildFile; fileRef = 364AAC871FA2CAAF00FF2953 /* PinCollectionViewCell.swift */; };
		364AAC8B1FA2DFE600FF2953 /* CoreFoundation.framework in Frameworks */ = {isa = PBXBuildFile; fileRef = 364AAC8A1FA2DFE600FF2953 /* CoreFoundation.framework */; };
		364AAC8D1FA2DFF800FF2953 /* Foundation.framework in Frameworks */ = {isa = PBXBuildFile; fileRef = 364AAC8C1FA2DFF800FF2953 /* Foundation.framework */; };
		D005A0DA1FA2128900AFC56D /* AppDelegate.swift in Sources */ = {isa = PBXBuildFile; fileRef = D005A0D91FA2128900AFC56D /* AppDelegate.swift */; };
		D005A0DC1FA2128900AFC56D /* ViewController.swift in Sources */ = {isa = PBXBuildFile; fileRef = D005A0DB1FA2128900AFC56D /* ViewController.swift */; };
		D005A0DF1FA2128900AFC56D /* Main.storyboard in Resources */ = {isa = PBXBuildFile; fileRef = D005A0DD1FA2128900AFC56D /* Main.storyboard */; };
		D005A0E11FA2128900AFC56D /* Assets.xcassets in Resources */ = {isa = PBXBuildFile; fileRef = D005A0E01FA2128900AFC56D /* Assets.xcassets */; };
		D005A0E41FA2128900AFC56D /* LaunchScreen.storyboard in Resources */ = {isa = PBXBuildFile; fileRef = D005A0E21FA2128900AFC56D /* LaunchScreen.storyboard */; };
/* End PBXBuildFile section */

/* Begin PBXFileReference section */
		2EE5462A8CC1554B9D2C7C6D /* Pods-mymaps.debug.xcconfig */ = {isa = PBXFileReference; includeInIndex = 1; lastKnownFileType = text.xcconfig; name = "Pods-mymaps.debug.xcconfig"; path = "Pods/Target Support Files/Pods-mymaps/Pods-mymaps.debug.xcconfig"; sourceTree = "<group>"; };
		362B379D1FA6BAD700CAE322 /* GPXModel.swift */ = {isa = PBXFileReference; lastKnownFileType = sourcecode.swift; path = GPXModel.swift; sourceTree = "<group>"; };
		362B379F1FA6BB1600CAE322 /* xmlProtocol.swift */ = {isa = PBXFileReference; lastKnownFileType = sourcecode.swift; path = xmlProtocol.swift; sourceTree = "<group>"; };
		3638A4EF1FA7287200B10650 /* TrackModel.swift */ = {isa = PBXFileReference; lastKnownFileType = sourcecode.swift; path = TrackModel.swift; sourceTree = "<group>"; };
		3638A4F11FA72ACB00B10650 /* GPX.swift */ = {isa = PBXFileReference; lastKnownFileType = sourcecode.swift; path = GPX.swift; sourceTree = "<group>"; };
		364AAC871FA2CAAF00FF2953 /* PinCollectionViewCell.swift */ = {isa = PBXFileReference; lastKnownFileType = sourcecode.swift; path = PinCollectionViewCell.swift; sourceTree = "<group>"; };
		364AAC891FA2D54900FF2953 /* Bridge.h */ = {isa = PBXFileReference; lastKnownFileType = sourcecode.c.h; path = Bridge.h; sourceTree = "<group>"; };
		364AAC8A1FA2DFE600FF2953 /* CoreFoundation.framework */ = {isa = PBXFileReference; lastKnownFileType = wrapper.framework; name = CoreFoundation.framework; path = System/Library/Frameworks/CoreFoundation.framework; sourceTree = SDKROOT; };
		364AAC8C1FA2DFF800FF2953 /* Foundation.framework */ = {isa = PBXFileReference; lastKnownFileType = wrapper.framework; name = Foundation.framework; path = System/Library/Frameworks/Foundation.framework; sourceTree = SDKROOT; };
		3684A0091FA3260600D16DC8 /* WaypointModel.swift */ = {isa = PBXFileReference; lastKnownFileType = sourcecode.swift; path = WaypointModel.swift; sourceTree = "<group>"; };
		847F9BC0659345035CD87860 /* Pods_mymaps.framework */ = {isa = PBXFileReference; explicitFileType = wrapper.framework; includeInIndex = 0; path = Pods_mymaps.framework; sourceTree = BUILT_PRODUCTS_DIR; };
		AA72B3265CCECA0FD0355501 /* Pods-mymaps.release.xcconfig */ = {isa = PBXFileReference; includeInIndex = 1; lastKnownFileType = text.xcconfig; name = "Pods-mymaps.release.xcconfig"; path = "Pods/Target Support Files/Pods-mymaps/Pods-mymaps.release.xcconfig"; sourceTree = "<group>"; };
		D005A0D61FA2128900AFC56D /* mymaps.app */ = {isa = PBXFileReference; explicitFileType = wrapper.application; includeInIndex = 0; path = mymaps.app; sourceTree = BUILT_PRODUCTS_DIR; };
		D005A0D91FA2128900AFC56D /* AppDelegate.swift */ = {isa = PBXFileReference; lastKnownFileType = sourcecode.swift; path = AppDelegate.swift; sourceTree = "<group>"; };
		D005A0DB1FA2128900AFC56D /* ViewController.swift */ = {isa = PBXFileReference; lastKnownFileType = sourcecode.swift; path = ViewController.swift; sourceTree = "<group>"; };
		D005A0DE1FA2128900AFC56D /* Base */ = {isa = PBXFileReference; lastKnownFileType = file.storyboard; name = Base; path = Base.lproj/Main.storyboard; sourceTree = "<group>"; };
		D005A0E01FA2128900AFC56D /* Assets.xcassets */ = {isa = PBXFileReference; lastKnownFileType = folder.assetcatalog; path = Assets.xcassets; sourceTree = "<group>"; };
		D005A0E31FA2128900AFC56D /* Base */ = {isa = PBXFileReference; lastKnownFileType = file.storyboard; name = Base; path = Base.lproj/LaunchScreen.storyboard; sourceTree = "<group>"; };
		D005A0E51FA2128900AFC56D /* Info.plist */ = {isa = PBXFileReference; lastKnownFileType = text.plist.xml; path = Info.plist; sourceTree = "<group>"; };
/* End PBXFileReference section */

/* Begin PBXFrameworksBuildPhase section */
		D005A0D31FA2128900AFC56D /* Frameworks */ = {
			isa = PBXFrameworksBuildPhase;
			buildActionMask = 2147483647;
			files = (
				364AAC8D1FA2DFF800FF2953 /* Foundation.framework in Frameworks */,
				364AAC8B1FA2DFE600FF2953 /* CoreFoundation.framework in Frameworks */,
				0FEA99E3F16AC028C95DB99D /* Pods_mymaps.framework in Frameworks */,
			);
			runOnlyForDeploymentPostprocessing = 0;
		};
/* End PBXFrameworksBuildPhase section */

/* Begin PBXGroup section */
		21FEE6BD1FA9D93D1B46151B /* Pods */ = {
			isa = PBXGroup;
			children = (
				2EE5462A8CC1554B9D2C7C6D /* Pods-mymaps.debug.xcconfig */,
				AA72B3265CCECA0FD0355501 /* Pods-mymaps.release.xcconfig */,
			);
			name = Pods;
			sourceTree = "<group>";
		};
		52CD1B77E05C4506ABBAD931 /* Frameworks */ = {
			isa = PBXGroup;
			children = (
				364AAC8C1FA2DFF800FF2953 /* Foundation.framework */,
				364AAC8A1FA2DFE600FF2953 /* CoreFoundation.framework */,
				847F9BC0659345035CD87860 /* Pods_mymaps.framework */,
			);
			name = Frameworks;
			sourceTree = "<group>";
		};
		D005A0CD1FA2128900AFC56D = {
			isa = PBXGroup;
			children = (
				D005A0D81FA2128900AFC56D /* mymaps */,
				D005A0D71FA2128900AFC56D /* Products */,
				21FEE6BD1FA9D93D1B46151B /* Pods */,
				52CD1B77E05C4506ABBAD931 /* Frameworks */,
			);
			sourceTree = "<group>";
		};
		D005A0D71FA2128900AFC56D /* Products */ = {
			isa = PBXGroup;
			children = (
				D005A0D61FA2128900AFC56D /* mymaps.app */,
			);
			name = Products;
			sourceTree = "<group>";
		};
		D005A0D81FA2128900AFC56D /* mymaps */ = {
			isa = PBXGroup;
			children = (
				D005A0D91FA2128900AFC56D /* AppDelegate.swift */,
				D005A0DB1FA2128900AFC56D /* ViewController.swift */,
				364AAC871FA2CAAF00FF2953 /* PinCollectionViewCell.swift */,
				362B379D1FA6BAD700CAE322 /* GPXModel.swift */,
				3638A4F11FA72ACB00B10650 /* GPX.swift */,
				3684A0091FA3260600D16DC8 /* WaypointModel.swift */,
				3638A4EF1FA7287200B10650 /* TrackModel.swift */,
				362B379F1FA6BB1600CAE322 /* xmlProtocol.swift */,
				364AAC891FA2D54900FF2953 /* Bridge.h */,
				D005A0DD1FA2128900AFC56D /* Main.storyboard */,
				D005A0E01FA2128900AFC56D /* Assets.xcassets */,
				D005A0E21FA2128900AFC56D /* LaunchScreen.storyboard */,
				D005A0E51FA2128900AFC56D /* Info.plist */,
			);
			path = mymaps;
			sourceTree = "<group>";
		};
/* End PBXGroup section */

/* Begin PBXNativeTarget section */
		D005A0D51FA2128900AFC56D /* mymaps */ = {
			isa = PBXNativeTarget;
			buildConfigurationList = D005A0E81FA2128900AFC56D /* Build configuration list for PBXNativeTarget "mymaps" */;
			buildPhases = (
				067977684397D6DB02111FD2 /* [CP] Check Pods Manifest.lock */,
				D005A0D21FA2128900AFC56D /* Sources */,
				D005A0D31FA2128900AFC56D /* Frameworks */,
				D005A0D41FA2128900AFC56D /* Resources */,
				EFE6AC9FC6CD5CCBF2D47374 /* [CP] Embed Pods Frameworks */,
				A365ACBF6842A1D6D165BA11 /* [CP] Copy Pods Resources */,
			);
			buildRules = (
			);
			dependencies = (
			);
			name = mymaps;
			productName = mymaps;
			productReference = D005A0D61FA2128900AFC56D /* mymaps.app */;
			productType = "com.apple.product-type.application";
		};
/* End PBXNativeTarget section */

/* Begin PBXProject section */
		D005A0CE1FA2128900AFC56D /* Project object */ = {
			isa = PBXProject;
			attributes = {
				LastSwiftUpdateCheck = 0900;
				LastUpgradeCheck = 0900;
				ORGANIZATIONNAME = WEJOApps;
				TargetAttributes = {
					D005A0D51FA2128900AFC56D = {
						CreatedOnToolsVersion = 9.0;
						ProvisioningStyle = Automatic;
					};
				};
			};
			buildConfigurationList = D005A0D11FA2128900AFC56D /* Build configuration list for PBXProject "mymaps" */;
			compatibilityVersion = "Xcode 8.0";
			developmentRegion = en;
			hasScannedForEncodings = 0;
			knownRegions = (
				en,
				Base,
			);
			mainGroup = D005A0CD1FA2128900AFC56D;
			productRefGroup = D005A0D71FA2128900AFC56D /* Products */;
			projectDirPath = "";
			projectRoot = "";
			targets = (
				D005A0D51FA2128900AFC56D /* mymaps */,
			);
		};
/* End PBXProject section */

/* Begin PBXResourcesBuildPhase section */
		D005A0D41FA2128900AFC56D /* Resources */ = {
			isa = PBXResourcesBuildPhase;
			buildActionMask = 2147483647;
			files = (
				D005A0E41FA2128900AFC56D /* LaunchScreen.storyboard in Resources */,
				D005A0E11FA2128900AFC56D /* Assets.xcassets in Resources */,
				D005A0DF1FA2128900AFC56D /* Main.storyboard in Resources */,
			);
			runOnlyForDeploymentPostprocessing = 0;
		};
/* End PBXResourcesBuildPhase section */

/* Begin PBXShellScriptBuildPhase section */
		067977684397D6DB02111FD2 /* [CP] Check Pods Manifest.lock */ = {
			isa = PBXShellScriptBuildPhase;
			buildActionMask = 2147483647;
			files = (
			);
			inputPaths = (
				"${PODS_PODFILE_DIR_PATH}/Podfile.lock",
				"${PODS_ROOT}/Manifest.lock",
			);
			name = "[CP] Check Pods Manifest.lock";
			outputPaths = (
				"$(DERIVED_FILE_DIR)/Pods-mymaps-checkManifestLockResult.txt",
			);
			runOnlyForDeploymentPostprocessing = 0;
			shellPath = /bin/sh;
			shellScript = "diff \"${PODS_PODFILE_DIR_PATH}/Podfile.lock\" \"${PODS_ROOT}/Manifest.lock\" > /dev/null\nif [ $? != 0 ] ; then\n    # print error to STDERR\n    echo \"error: The sandbox is not in sync with the Podfile.lock. Run 'pod install' or update your CocoaPods installation.\" >&2\n    exit 1\nfi\n# This output is used by Xcode 'outputs' to avoid re-running this script phase.\necho \"SUCCESS\" > \"${SCRIPT_OUTPUT_FILE_0}\"\n";
			showEnvVarsInLog = 0;
		};
		A365ACBF6842A1D6D165BA11 /* [CP] Copy Pods Resources */ = {
			isa = PBXShellScriptBuildPhase;
			buildActionMask = 2147483647;
			files = (
			);
			inputPaths = (
			);
			name = "[CP] Copy Pods Resources";
			outputPaths = (
			);
			runOnlyForDeploymentPostprocessing = 0;
			shellPath = /bin/sh;
			shellScript = "\"${SRCROOT}/Pods/Target Support Files/Pods-mymaps/Pods-mymaps-resources.sh\"\n";
			showEnvVarsInLog = 0;
		};
		EFE6AC9FC6CD5CCBF2D47374 /* [CP] Embed Pods Frameworks */ = {
			isa = PBXShellScriptBuildPhase;
			buildActionMask = 2147483647;
			files = (
			);
			inputPaths = (
				"${SRCROOT}/Pods/Target Support Files/Pods-mymaps/Pods-mymaps-frameworks.sh",
				"${BUILT_PRODUCTS_DIR}/FileBrowser/FileBrowser.framework",
				"${BUILT_PRODUCTS_DIR}/Fuzi/Fuzi.framework",
				"${BUILT_PRODUCTS_DIR}/TBXML/TBXML.framework",
				"${BUILT_PRODUCTS_DIR}/iOS-GPX-Framework/iOS_GPX_Framework.framework",
			);
			name = "[CP] Embed Pods Frameworks";
			outputPaths = (
				"${TARGET_BUILD_DIR}/${FRAMEWORKS_FOLDER_PATH}/FileBrowser.framework",
				"${TARGET_BUILD_DIR}/${FRAMEWORKS_FOLDER_PATH}/Fuzi.framework",
				"${TARGET_BUILD_DIR}/${FRAMEWORKS_FOLDER_PATH}/TBXML.framework",
				"${TARGET_BUILD_DIR}/${FRAMEWORKS_FOLDER_PATH}/iOS_GPX_Framework.framework",
			);
			runOnlyForDeploymentPostprocessing = 0;
			shellPath = /bin/sh;
			shellScript = "\"${SRCROOT}/Pods/Target Support Files/Pods-mymaps/Pods-mymaps-frameworks.sh\"\n";
			showEnvVarsInLog = 0;
		};
/* End PBXShellScriptBuildPhase section */

/* Begin PBXSourcesBuildPhase section */
		D005A0D21FA2128900AFC56D /* Sources */ = {
			isa = PBXSourcesBuildPhase;
			buildActionMask = 2147483647;
			files = (
				D005A0DC1FA2128900AFC56D /* ViewController.swift in Sources */,
				D005A0DA1FA2128900AFC56D /* AppDelegate.swift in Sources */,
				364AAC881FA2CAAF00FF2953 /* PinCollectionViewCell.swift in Sources */,
				3638A4F21FA72ACB00B10650 /* GPX.swift in Sources */,
			);
			runOnlyForDeploymentPostprocessing = 0;
		};
/* End PBXSourcesBuildPhase section */

/* Begin PBXVariantGroup section */
		D005A0DD1FA2128900AFC56D /* Main.storyboard */ = {
			isa = PBXVariantGroup;
			children = (
				D005A0DE1FA2128900AFC56D /* Base */,
			);
			name = Main.storyboard;
			sourceTree = "<group>";
		};
		D005A0E21FA2128900AFC56D /* LaunchScreen.storyboard */ = {
			isa = PBXVariantGroup;
			children = (
				D005A0E31FA2128900AFC56D /* Base */,
			);
			name = LaunchScreen.storyboard;
			sourceTree = "<group>";
		};
/* End PBXVariantGroup section */

/* Begin XCBuildConfiguration section */
		D005A0E61FA2128900AFC56D /* Debug */ = {
			isa = XCBuildConfiguration;
			buildSettings = {
				ALWAYS_SEARCH_USER_PATHS = NO;
				CLANG_ANALYZER_NONNULL = YES;
				CLANG_ANALYZER_NUMBER_OBJECT_CONVERSION = YES_AGGRESSIVE;
				CLANG_CXX_LANGUAGE_STANDARD = "gnu++14";
				CLANG_CXX_LIBRARY = "libc++";
				CLANG_ENABLE_MODULES = YES;
				CLANG_ENABLE_OBJC_ARC = YES;
				CLANG_WARN_BLOCK_CAPTURE_AUTORELEASING = YES;
				CLANG_WARN_BOOL_CONVERSION = YES;
				CLANG_WARN_COMMA = YES;
				CLANG_WARN_CONSTANT_CONVERSION = YES;
				CLANG_WARN_DIRECT_OBJC_ISA_USAGE = YES_ERROR;
				CLANG_WARN_DOCUMENTATION_COMMENTS = YES;
				CLANG_WARN_EMPTY_BODY = YES;
				CLANG_WARN_ENUM_CONVERSION = YES;
				CLANG_WARN_INFINITE_RECURSION = YES;
				CLANG_WARN_INT_CONVERSION = YES;
				CLANG_WARN_NON_LITERAL_NULL_CONVERSION = YES;
				CLANG_WARN_OBJC_LITERAL_CONVERSION = YES;
				CLANG_WARN_OBJC_ROOT_CLASS = YES_ERROR;
				CLANG_WARN_RANGE_LOOP_ANALYSIS = YES;
				CLANG_WARN_STRICT_PROTOTYPES = YES;
				CLANG_WARN_SUSPICIOUS_MOVE = YES;
				CLANG_WARN_UNGUARDED_AVAILABILITY = YES_AGGRESSIVE;
				CLANG_WARN_UNREACHABLE_CODE = YES;
				CLANG_WARN__DUPLICATE_METHOD_MATCH = YES;
				CODE_SIGN_IDENTITY = "iPhone Developer";
				COPY_PHASE_STRIP = NO;
				DEBUG_INFORMATION_FORMAT = dwarf;
				ENABLE_STRICT_OBJC_MSGSEND = YES;
				ENABLE_TESTABILITY = YES;
				GCC_C_LANGUAGE_STANDARD = gnu11;
				GCC_DYNAMIC_NO_PIC = NO;
				GCC_NO_COMMON_BLOCKS = YES;
				GCC_OPTIMIZATION_LEVEL = 0;
				GCC_PREPROCESSOR_DEFINITIONS = (
					"DEBUG=1",
					"$(inherited)",
				);
				GCC_WARN_64_TO_32_BIT_CONVERSION = YES;
				GCC_WARN_ABOUT_RETURN_TYPE = YES_ERROR;
				GCC_WARN_UNDECLARED_SELECTOR = YES;
				GCC_WARN_UNINITIALIZED_AUTOS = YES_AGGRESSIVE;
				GCC_WARN_UNUSED_FUNCTION = YES;
				GCC_WARN_UNUSED_VARIABLE = YES;
				IPHONEOS_DEPLOYMENT_TARGET = 11.0;
				MTL_ENABLE_DEBUG_INFO = YES;
				ONLY_ACTIVE_ARCH = YES;
				SDKROOT = iphoneos;
				SWIFT_ACTIVE_COMPILATION_CONDITIONS = DEBUG;
				SWIFT_OPTIMIZATION_LEVEL = "-Onone";
			};
			name = Debug;
		};
		D005A0E71FA2128900AFC56D /* Release */ = {
			isa = XCBuildConfiguration;
			buildSettings = {
				ALWAYS_SEARCH_USER_PATHS = NO;
				CLANG_ANALYZER_NONNULL = YES;
				CLANG_ANALYZER_NUMBER_OBJECT_CONVERSION = YES_AGGRESSIVE;
				CLANG_CXX_LANGUAGE_STANDARD = "gnu++14";
				CLANG_CXX_LIBRARY = "libc++";
				CLANG_ENABLE_MODULES = YES;
				CLANG_ENABLE_OBJC_ARC = YES;
				CLANG_WARN_BLOCK_CAPTURE_AUTORELEASING = YES;
				CLANG_WARN_BOOL_CONVERSION = YES;
				CLANG_WARN_COMMA = YES;
				CLANG_WARN_CONSTANT_CONVERSION = YES;
				CLANG_WARN_DIRECT_OBJC_ISA_USAGE = YES_ERROR;
				CLANG_WARN_DOCUMENTATION_COMMENTS = YES;
				CLANG_WARN_EMPTY_BODY = YES;
				CLANG_WARN_ENUM_CONVERSION = YES;
				CLANG_WARN_INFINITE_RECURSION = YES;
				CLANG_WARN_INT_CONVERSION = YES;
				CLANG_WARN_NON_LITERAL_NULL_CONVERSION = YES;
				CLANG_WARN_OBJC_LITERAL_CONVERSION = YES;
				CLANG_WARN_OBJC_ROOT_CLASS = YES_ERROR;
				CLANG_WARN_RANGE_LOOP_ANALYSIS = YES;
				CLANG_WARN_STRICT_PROTOTYPES = YES;
				CLANG_WARN_SUSPICIOUS_MOVE = YES;
				CLANG_WARN_UNGUARDED_AVAILABILITY = YES_AGGRESSIVE;
				CLANG_WARN_UNREACHABLE_CODE = YES;
				CLANG_WARN__DUPLICATE_METHOD_MATCH = YES;
				CODE_SIGN_IDENTITY = "iPhone Developer";
				COPY_PHASE_STRIP = NO;
				DEBUG_INFORMATION_FORMAT = "dwarf-with-dsym";
				ENABLE_NS_ASSERTIONS = NO;
				ENABLE_STRICT_OBJC_MSGSEND = YES;
				GCC_C_LANGUAGE_STANDARD = gnu11;
				GCC_NO_COMMON_BLOCKS = YES;
				GCC_WARN_64_TO_32_BIT_CONVERSION = YES;
				GCC_WARN_ABOUT_RETURN_TYPE = YES_ERROR;
				GCC_WARN_UNDECLARED_SELECTOR = YES;
				GCC_WARN_UNINITIALIZED_AUTOS = YES_AGGRESSIVE;
				GCC_WARN_UNUSED_FUNCTION = YES;
				GCC_WARN_UNUSED_VARIABLE = YES;
				IPHONEOS_DEPLOYMENT_TARGET = 11.0;
				MTL_ENABLE_DEBUG_INFO = NO;
				SDKROOT = iphoneos;
				SWIFT_OPTIMIZATION_LEVEL = "-Owholemodule";
				VALIDATE_PRODUCT = YES;
			};
			name = Release;
		};
		D005A0E91FA2128900AFC56D /* Debug */ = {
			isa = XCBuildConfiguration;
			baseConfigurationReference = 2EE5462A8CC1554B9D2C7C6D /* Pods-mymaps.debug.xcconfig */;
			buildSettings = {
				ASSETCATALOG_COMPILER_APPICON_NAME = AppIcon;
				CODE_SIGN_STYLE = Automatic;
				DEVELOPMENT_TEAM = 9YGS892Y3B;
				GCC_PRECOMPILE_PREFIX_HEADER = NO;
				GCC_PREFIX_HEADER = "";
				INFOPLIST_FILE = mymaps/Info.plist;
				LD_RUNPATH_SEARCH_PATHS = "$(inherited) @executable_path/Frameworks";
				PRODUCT_BUNDLE_IDENTIFIER = com.WEJOApps.mymaps;
				PRODUCT_NAME = "$(TARGET_NAME)";
				SWIFT_OBJC_BRIDGING_HEADER = mymaps/Bridge.h;
				SWIFT_VERSION = 4.0;
				TARGETED_DEVICE_FAMILY = "1,2";
			};
			name = Debug;
		};
		D005A0EA1FA2128900AFC56D /* Release */ = {
			isa = XCBuildConfiguration;
			baseConfigurationReference = AA72B3265CCECA0FD0355501 /* Pods-mymaps.release.xcconfig */;
			buildSettings = {
				ASSETCATALOG_COMPILER_APPICON_NAME = AppIcon;
				CODE_SIGN_STYLE = Automatic;
				DEVELOPMENT_TEAM = 9YGS892Y3B;
				GCC_PRECOMPILE_PREFIX_HEADER = NO;
				GCC_PREFIX_HEADER = "";
				INFOPLIST_FILE = mymaps/Info.plist;
				LD_RUNPATH_SEARCH_PATHS = "$(inherited) @executable_path/Frameworks";
				PRODUCT_BUNDLE_IDENTIFIER = com.WEJOApps.mymaps;
				PRODUCT_NAME = "$(TARGET_NAME)";
				SWIFT_OBJC_BRIDGING_HEADER = mymaps/Bridge.h;
				SWIFT_VERSION = 4.0;
				TARGETED_DEVICE_FAMILY = "1,2";
			};
			name = Release;
		};
/* End XCBuildConfiguration section */

/* Begin XCConfigurationList section */
		D005A0D11FA2128900AFC56D /* Build configuration list for PBXProject "mymaps" */ = {
			isa = XCConfigurationList;
			buildConfigurations = (
				D005A0E61FA2128900AFC56D /* Debug */,
				D005A0E71FA2128900AFC56D /* Release */,
			);
			defaultConfigurationIsVisible = 0;
			defaultConfigurationName = Release;
		};
		D005A0E81FA2128900AFC56D /* Build configuration list for PBXNativeTarget "mymaps" */ = {
			isa = XCConfigurationList;
			buildConfigurations = (
				D005A0E91FA2128900AFC56D /* Debug */,
				D005A0EA1FA2128900AFC56D /* Release */,
			);
			defaultConfigurationIsVisible = 0;
			defaultConfigurationName = Release;
		};
/* End XCConfigurationList section */
	};
	rootObject = D005A0CE1FA2128900AFC56D /* Project object */;
}
